
Microsoft Visual Studio Solution File, Format Version 12.00
# Visual Studio 15
VisualStudioVersion = 15.0.28307.572
MinimumVisualStudioVersion = 10.0.40219.1
Project("{FAE04EC0-301F-11D3-BF4B-00C04F79EFBC}") = "CursoTDD", "src\CursoTDD\CursoTDD.csproj", "{140B490D-8DF5-4D9B-B87D-B009EE16F994}"
EndProject
Global
	GlobalSection(SolutionConfigurationPlatforms) = preSolution
		Debug|Any CPU = Debug|Any CPU
		Release|Any CPU = Release|Any CPU
	EndGlobalSection
	GlobalSection(ProjectConfigurationPlatforms) = postSolution
		{140B490D-8DF5-4D9B-B87D-B009EE16F994}.Debug|Any CPU.ActiveCfg = Debug|Any CPU
		{140B490D-8DF5-4D9B-B87D-B009EE16F994}.Debug|Any CPU.Build.0 = Debug|Any CPU
		{140B490D-8DF5-4D9B-B87D-B009EE16F994}.Release|Any CPU.ActiveCfg = Release|Any CPU
		{140B490D-8DF5-4D9B-B87D-B009EE16F994}.Release|Any CPU.Build.0 = Release|Any CPU
	EndGlobalSection
	GlobalSection(SolutionProperties) = preSolution
		HideSolutionNode = FALSE
	EndGlobalSection
	GlobalSection(ExtensibilityGlobals) = postSolution
		SolutionGuid = {F2CACE3B-9A31-478D-8B67-B00591472A7A}
	EndGlobalSection
EndGlobal
